
Microsoft Visual Studio Solution File, Format Version 12.00
# Visual Studio Version 17
VisualStudioVersion = 17.11.35208.52
MinimumVisualStudioVersion = 10.0.40219.1
Project("{9A19103F-16F7-4668-BE54-9A1E7A4F7556}") = "Expenses.Api", "Expenses.Api\Expenses.Api.csproj", "{BDC2FE3D-C8B7-4CA7-A29B-6091BE957AC9}"
EndProject
Project("{9A19103F-16F7-4668-BE54-9A1E7A4F7556}") = "Libs.Auth", "libs-auth\Libs.Auth\Libs.Auth.csproj", "{9B9C05DA-4359-4373-828F-171035107583}"
EndProject
Global
	GlobalSection(SolutionConfigurationPlatforms) = preSolution
		Debug|Any CPU = Debug|Any CPU
		Release|Any CPU = Release|Any CPU
	EndGlobalSection
	GlobalSection(ProjectConfigurationPlatforms) = postSolution
		{BDC2FE3D-C8B7-4CA7-A29B-6091BE957AC9}.Debug|Any CPU.ActiveCfg = Debug|Any CPU
		{BDC2FE3D-C8B7-4CA7-A29B-6091BE957AC9}.Debug|Any CPU.Build.0 = Debug|Any CPU
		{BDC2FE3D-C8B7-4CA7-A29B-6091BE957AC9}.Release|Any CPU.ActiveCfg = Release|Any CPU
		{BDC2FE3D-C8B7-4CA7-A29B-6091BE957AC9}.Release|Any CPU.Build.0 = Release|Any CPU
		{9B9C05DA-4359-4373-828F-171035107583}.Debug|Any CPU.ActiveCfg = Debug|Any CPU
		{9B9C05DA-4359-4373-828F-171035107583}.Debug|Any CPU.Build.0 = Debug|Any CPU
		{9B9C05DA-4359-4373-828F-171035107583}.Release|Any CPU.ActiveCfg = Release|Any CPU
		{9B9C05DA-4359-4373-828F-171035107583}.Release|Any CPU.Build.0 = Release|Any CPU
	EndGlobalSection
	GlobalSection(SolutionProperties) = preSolution
		HideSolutionNode = FALSE
	EndGlobalSection
	GlobalSection(ExtensibilityGlobals) = postSolution
		SolutionGuid = {DA1E2DC1-6BE4-48BE-8459-1E257C735AF5}
	EndGlobalSection
EndGlobal
